
Microsoft Visual Studio Solution File, Format Version 12.00
# Visual Studio Version 16
VisualStudioVersion = 16.0.31729.503
MinimumVisualStudioVersion = 10.0.40219.1
Project("{FAE04EC0-301F-11D3-BF4B-00C04F79EFBC}") = "WorkiAPI", "SecurityJWT\WorkiAPI.csproj", "{D4522B51-3E93-496E-9746-B408153D0E1D}"
EndProject
Project("{FAE04EC0-301F-11D3-BF4B-00C04F79EFBC}") = "DataLayer", "DataLayer\DataLayer.csproj", "{DBA7C543-1CE2-4983-ACC8-381663A1E2D7}"
EndProject
Project("{FAE04EC0-301F-11D3-BF4B-00C04F79EFBC}") = "Worki", "Worki\Worki.csproj", "{2CC0C66A-5245-4483-8810-01A36ADE2296}"
EndProject
Global
	GlobalSection(SolutionConfigurationPlatforms) = preSolution
		Debug|Any CPU = Debug|Any CPU
		Release|Any CPU = Release|Any CPU
	EndGlobalSection
	GlobalSection(ProjectConfigurationPlatforms) = postSolution
		{D4522B51-3E93-496E-9746-B408153D0E1D}.Debug|Any CPU.ActiveCfg = Debug|Any CPU
		{D4522B51-3E93-496E-9746-B408153D0E1D}.Debug|Any CPU.Build.0 = Debug|Any CPU
		{D4522B51-3E93-496E-9746-B408153D0E1D}.Release|Any CPU.ActiveCfg = Release|Any CPU
		{D4522B51-3E93-496E-9746-B408153D0E1D}.Release|Any CPU.Build.0 = Release|Any CPU
		{DBA7C543-1CE2-4983-ACC8-381663A1E2D7}.Debug|Any CPU.ActiveCfg = Debug|Any CPU
		{DBA7C543-1CE2-4983-ACC8-381663A1E2D7}.Debug|Any CPU.Build.0 = Debug|Any CPU
		{DBA7C543-1CE2-4983-ACC8-381663A1E2D7}.Release|Any CPU.ActiveCfg = Release|Any CPU
		{DBA7C543-1CE2-4983-ACC8-381663A1E2D7}.Release|Any CPU.Build.0 = Release|Any CPU
		{2CC0C66A-5245-4483-8810-01A36ADE2296}.Debug|Any CPU.ActiveCfg = Debug|Any CPU
		{2CC0C66A-5245-4483-8810-01A36ADE2296}.Debug|Any CPU.Build.0 = Debug|Any CPU
		{2CC0C66A-5245-4483-8810-01A36ADE2296}.Release|Any CPU.ActiveCfg = Release|Any CPU
		{2CC0C66A-5245-4483-8810-01A36ADE2296}.Release|Any CPU.Build.0 = Release|Any CPU
	EndGlobalSection
	GlobalSection(SolutionProperties) = preSolution
		HideSolutionNode = FALSE
	EndGlobalSection
	GlobalSection(ExtensibilityGlobals) = postSolution
		SolutionGuid = {7FD1973A-A4B0-445B-8C39-AFF6A5FF24A9}
	EndGlobalSection
EndGlobal
